// !$*UTF8*$!
{
	archiveVersion = 1;
	classes = {
	};
	objectVersion = 56;
	objects = {

/* Begin PBXBuildFile section */
		0373DA7F2AC9AF1400B293B7 /* Vehicle.swift in Sources */ = {isa = PBXBuildFile; fileRef = 0373DA7E2AC9AF1400B293B7 /* Vehicle.swift */; };
		0373DA812AC9B01200B293B7 /* Car.swift in Sources */ = {isa = PBXBuildFile; fileRef = 0373DA802AC9B01200B293B7 /* Car.swift */; };
		0373DA832AC9B2AA00B293B7 /* Motorcycle.swift in Sources */ = {isa = PBXBuildFile; fileRef = 0373DA822AC9B2AA00B293B7 /* Motorcycle.swift */; };
		03CD58462ACD5B4F00C7998E /* Homework_3.swift in Sources */ = {isa = PBXBuildFile; fileRef = 03CD58452ACD5B4F00C7998E /* Homework_3.swift */; };
		03E0F9FF2AC34D66003CEAF8 /* AppDelegate.swift in Sources */ = {isa = PBXBuildFile; fileRef = 03E0F9FE2AC34D66003CEAF8 /* AppDelegate.swift */; };
		03E0FA012AC34D66003CEAF8 /* SceneDelegate.swift in Sources */ = {isa = PBXBuildFile; fileRef = 03E0FA002AC34D66003CEAF8 /* SceneDelegate.swift */; };
		03E0FA032AC34D66003CEAF8 /* ViewController.swift in Sources */ = {isa = PBXBuildFile; fileRef = 03E0FA022AC34D66003CEAF8 /* ViewController.swift */; };
		03E0FA062AC34D66003CEAF8 /* Main.storyboard in Resources */ = {isa = PBXBuildFile; fileRef = 03E0FA042AC34D66003CEAF8 /* Main.storyboard */; };
		03E0FA082AC34D6C003CEAF8 /* Assets.xcassets in Resources */ = {isa = PBXBuildFile; fileRef = 03E0FA072AC34D6C003CEAF8 /* Assets.xcassets */; };
		03E0FA0B2AC34D6C003CEAF8 /* LaunchScreen.storyboard in Resources */ = {isa = PBXBuildFile; fileRef = 03E0FA092AC34D6C003CEAF8 /* LaunchScreen.storyboard */; };
		03E0FA162AC34D6D003CEAF8 /* UnitTestHomeworkTests.swift in Sources */ = {isa = PBXBuildFile; fileRef = 03E0FA152AC34D6D003CEAF8 /* UnitTestHomeworkTests.swift */; };
		03E0FA202AC34D6D003CEAF8 /* UnitTestHomeworkUITests.swift in Sources */ = {isa = PBXBuildFile; fileRef = 03E0FA1F2AC34D6D003CEAF8 /* UnitTestHomeworkUITests.swift */; };
		03E0FA222AC34D6D003CEAF8 /* UnitTestHomeworkUITestsLaunchTests.swift in Sources */ = {isa = PBXBuildFile; fileRef = 03E0FA212AC34D6D003CEAF8 /* UnitTestHomeworkUITestsLaunchTests.swift */; };
		03E0FA302AC34E48003CEAF8 /* MyTestClass.swift in Sources */ = {isa = PBXBuildFile; fileRef = 03E0FA2F2AC34E48003CEAF8 /* MyTestClass.swift */; };
/* End PBXBuildFile section */

/* Begin PBXContainerItemProxy section */
		03E0FA122AC34D6D003CEAF8 /* PBXContainerItemProxy */ = {
			isa = PBXContainerItemProxy;
			containerPortal = 03E0F9F32AC34D66003CEAF8 /* Project object */;
			proxyType = 1;
			remoteGlobalIDString = 03E0F9FA2AC34D66003CEAF8;
			remoteInfo = UnitTestHomework;
		};
		03E0FA1C2AC34D6D003CEAF8 /* PBXContainerItemProxy */ = {
			isa = PBXContainerItemProxy;
			containerPortal = 03E0F9F32AC34D66003CEAF8 /* Project object */;
			proxyType = 1;
			remoteGlobalIDString = 03E0F9FA2AC34D66003CEAF8;
			remoteInfo = UnitTestHomework;
		};
/* End PBXContainerItemProxy section */

/* Begin PBXFileReference section */
		0373DA7E2AC9AF1400B293B7 /* Vehicle.swift */ = {isa = PBXFileReference; lastKnownFileType = sourcecode.swift; path = Vehicle.swift; sourceTree = "<group>"; };
		0373DA802AC9B01200B293B7 /* Car.swift */ = {isa = PBXFileReference; lastKnownFileType = sourcecode.swift; path = Car.swift; sourceTree = "<group>"; };
		0373DA822AC9B2AA00B293B7 /* Motorcycle.swift */ = {isa = PBXFileReference; lastKnownFileType = sourcecode.swift; path = Motorcycle.swift; sourceTree = "<group>"; };
		03CD58452ACD5B4F00C7998E /* Homework_3.swift */ = {isa = PBXFileReference; lastKnownFileType = sourcecode.swift; path = Homework_3.swift; sourceTree = "<group>"; };
		03E0F9FB2AC34D66003CEAF8 /* UnitTestHomework.app */ = {isa = PBXFileReference; explicitFileType = wrapper.application; includeInIndex = 0; path = UnitTestHomework.app; sourceTree = BUILT_PRODUCTS_DIR; };
		03E0F9FE2AC34D66003CEAF8 /* AppDelegate.swift */ = {isa = PBXFileReference; lastKnownFileType = sourcecode.swift; path = AppDelegate.swift; sourceTree = "<group>"; };
		03E0FA002AC34D66003CEAF8 /* SceneDelegate.swift */ = {isa = PBXFileReference; lastKnownFileType = sourcecode.swift; path = SceneDelegate.swift; sourceTree = "<group>"; };
		03E0FA022AC34D66003CEAF8 /* ViewController.swift */ = {isa = PBXFileReference; lastKnownFileType = sourcecode.swift; path = ViewController.swift; sourceTree = "<group>"; };
		03E0FA052AC34D66003CEAF8 /* Base */ = {isa = PBXFileReference; lastKnownFileType = file.storyboard; name = Base; path = Base.lproj/Main.storyboard; sourceTree = "<group>"; };
		03E0FA072AC34D6C003CEAF8 /* Assets.xcassets */ = {isa = PBXFileReference; lastKnownFileType = folder.assetcatalog; path = Assets.xcassets; sourceTree = "<group>"; };
		03E0FA0A2AC34D6C003CEAF8 /* Base */ = {isa = PBXFileReference; lastKnownFileType = file.storyboard; name = Base; path = Base.lproj/LaunchScreen.storyboard; sourceTree = "<group>"; };
		03E0FA0C2AC34D6C003CEAF8 /* Info.plist */ = {isa = PBXFileReference; lastKnownFileType = text.plist.xml; path = Info.plist; sourceTree = "<group>"; };
		03E0FA112AC34D6D003CEAF8 /* UnitTestHomeworkTests.xctest */ = {isa = PBXFileReference; explicitFileType = wrapper.cfbundle; includeInIndex = 0; path = UnitTestHomeworkTests.xctest; sourceTree = BUILT_PRODUCTS_DIR; };
		03E0FA152AC34D6D003CEAF8 /* UnitTestHomeworkTests.swift */ = {isa = PBXFileReference; lastKnownFileType = sourcecode.swift; path = UnitTestHomeworkTests.swift; sourceTree = "<group>"; };
		03E0FA1B2AC34D6D003CEAF8 /* UnitTestHomeworkUITests.xctest */ = {isa = PBXFileReference; explicitFileType = wrapper.cfbundle; includeInIndex = 0; path = UnitTestHomeworkUITests.xctest; sourceTree = BUILT_PRODUCTS_DIR; };
		03E0FA1F2AC34D6D003CEAF8 /* UnitTestHomeworkUITests.swift */ = {isa = PBXFileReference; lastKnownFileType = sourcecode.swift; path = UnitTestHomeworkUITests.swift; sourceTree = "<group>"; };
		03E0FA212AC34D6D003CEAF8 /* UnitTestHomeworkUITestsLaunchTests.swift */ = {isa = PBXFileReference; lastKnownFileType = sourcecode.swift; path = UnitTestHomeworkUITestsLaunchTests.swift; sourceTree = "<group>"; };
		03E0FA2F2AC34E48003CEAF8 /* MyTestClass.swift */ = {isa = PBXFileReference; lastKnownFileType = sourcecode.swift; path = MyTestClass.swift; sourceTree = "<group>"; };
/* End PBXFileReference section */

/* Begin PBXFrameworksBuildPhase section */
		03E0F9F82AC34D66003CEAF8 /* Frameworks */ = {
			isa = PBXFrameworksBuildPhase;
			buildActionMask = 2147483647;
			files = (
			);
			runOnlyForDeploymentPostprocessing = 0;
		};
		03E0FA0E2AC34D6D003CEAF8 /* Frameworks */ = {
			isa = PBXFrameworksBuildPhase;
			buildActionMask = 2147483647;
			files = (
			);
			runOnlyForDeploymentPostprocessing = 0;
		};
		03E0FA182AC34D6D003CEAF8 /* Frameworks */ = {
			isa = PBXFrameworksBuildPhase;
			buildActionMask = 2147483647;
			files = (
			);
			runOnlyForDeploymentPostprocessing = 0;
		};
/* End PBXFrameworksBuildPhase section */

/* Begin PBXGroup section */
		0373DA7D2AC9AE6700B293B7 /* Homework2 */ = {
			isa = PBXGroup;
			children = (
				0373DA7E2AC9AF1400B293B7 /* Vehicle.swift */,
				0373DA802AC9B01200B293B7 /* Car.swift */,
				0373DA822AC9B2AA00B293B7 /* Motorcycle.swift */,
			);
			path = Homework2;
			sourceTree = "<group>";
		};
		03CD58402ACD535D00C7998E /* Homework3 */ = {
			isa = PBXGroup;
			children = (
				03CD58452ACD5B4F00C7998E /* Homework_3.swift */,
			);
			path = Homework3;
			sourceTree = "<group>";
		};
		03E0F9F22AC34D66003CEAF8 = {
			isa = PBXGroup;
			children = (
				03E0F9FD2AC34D66003CEAF8 /* UnitTestHomework */,
				03E0FA142AC34D6D003CEAF8 /* UnitTestHomeworkTests */,
				03E0FA1E2AC34D6D003CEAF8 /* UnitTestHomeworkUITests */,
				03E0F9FC2AC34D66003CEAF8 /* Products */,
			);
			sourceTree = "<group>";
		};
		03E0F9FC2AC34D66003CEAF8 /* Products */ = {
			isa = PBXGroup;
			children = (
				03E0F9FB2AC34D66003CEAF8 /* UnitTestHomework.app */,
				03E0FA112AC34D6D003CEAF8 /* UnitTestHomeworkTests.xctest */,
				03E0FA1B2AC34D6D003CEAF8 /* UnitTestHomeworkUITests.xctest */,
			);
			name = Products;
			sourceTree = "<group>";
		};
		03E0F9FD2AC34D66003CEAF8 /* UnitTestHomework */ = {
			isa = PBXGroup;
			children = (
				03E0FA2E2AC34E05003CEAF8 /* Homework1 */,
				0373DA7D2AC9AE6700B293B7 /* Homework2 */,
				03CD58402ACD535D00C7998E /* Homework3 */,
				03E0F9FE2AC34D66003CEAF8 /* AppDelegate.swift */,
				03E0FA002AC34D66003CEAF8 /* SceneDelegate.swift */,
				03E0FA022AC34D66003CEAF8 /* ViewController.swift */,
				03E0FA042AC34D66003CEAF8 /* Main.storyboard */,
				03E0FA072AC34D6C003CEAF8 /* Assets.xcassets */,
				03E0FA092AC34D6C003CEAF8 /* LaunchScreen.storyboard */,
				03E0FA0C2AC34D6C003CEAF8 /* Info.plist */,
			);
			path = UnitTestHomework;
			sourceTree = "<group>";
		};
		03E0FA142AC34D6D003CEAF8 /* UnitTestHomeworkTests */ = {
			isa = PBXGroup;
			children = (
				03E0FA152AC34D6D003CEAF8 /* UnitTestHomeworkTests.swift */,
			);
			path = UnitTestHomeworkTests;
			sourceTree = "<group>";
		};
		03E0FA1E2AC34D6D003CEAF8 /* UnitTestHomeworkUITests */ = {
			isa = PBXGroup;
			children = (
				03E0FA1F2AC34D6D003CEAF8 /* UnitTestHomeworkUITests.swift */,
				03E0FA212AC34D6D003CEAF8 /* UnitTestHomeworkUITestsLaunchTests.swift */,
			);
			path = UnitTestHomeworkUITests;
			sourceTree = "<group>";
		};
		03E0FA2E2AC34E05003CEAF8 /* Homework1 */ = {
			isa = PBXGroup;
			children = (
				03E0FA2F2AC34E48003CEAF8 /* MyTestClass.swift */,
			);
			path = Homework1;
			sourceTree = "<group>";
		};
/* End PBXGroup section */

/* Begin PBXNativeTarget section */
		03E0F9FA2AC34D66003CEAF8 /* UnitTestHomework */ = {
			isa = PBXNativeTarget;
			buildConfigurationList = 03E0FA252AC34D6D003CEAF8 /* Build configuration list for PBXNativeTarget "UnitTestHomework" */;
			buildPhases = (
				03E0F9F72AC34D66003CEAF8 /* Sources */,
				03E0F9F82AC34D66003CEAF8 /* Frameworks */,
				03E0F9F92AC34D66003CEAF8 /* Resources */,
			);
			buildRules = (
			);
			dependencies = (
			);
			name = UnitTestHomework;
			productName = UnitTestHomework;
			productReference = 03E0F9FB2AC34D66003CEAF8 /* UnitTestHomework.app */;
			productType = "com.apple.product-type.application";
		};
		03E0FA102AC34D6D003CEAF8 /* UnitTestHomeworkTests */ = {
			isa = PBXNativeTarget;
			buildConfigurationList = 03E0FA282AC34D6D003CEAF8 /* Build configuration list for PBXNativeTarget "UnitTestHomeworkTests" */;
			buildPhases = (
				03E0FA0D2AC34D6D003CEAF8 /* Sources */,
				03E0FA0E2AC34D6D003CEAF8 /* Frameworks */,
				03E0FA0F2AC34D6D003CEAF8 /* Resources */,
			);
			buildRules = (
			);
			dependencies = (
				03E0FA132AC34D6D003CEAF8 /* PBXTargetDependency */,
			);
			name = UnitTestHomeworkTests;
			productName = UnitTestHomeworkTests;
			productReference = 03E0FA112AC34D6D003CEAF8 /* UnitTestHomeworkTests.xctest */;
			productType = "com.apple.product-type.bundle.unit-test";
		};
		03E0FA1A2AC34D6D003CEAF8 /* UnitTestHomeworkUITests */ = {
			isa = PBXNativeTarget;
			buildConfigurationList = 03E0FA2B2AC34D6D003CEAF8 /* Build configuration list for PBXNativeTarget "UnitTestHomeworkUITests" */;
			buildPhases = (
				03E0FA172AC34D6D003CEAF8 /* Sources */,
				03E0FA182AC34D6D003CEAF8 /* Frameworks */,
				03E0FA192AC34D6D003CEAF8 /* Resources */,
			);
			buildRules = (
			);
			dependencies = (
				03E0FA1D2AC34D6D003CEAF8 /* PBXTargetDependency */,
			);
			name = UnitTestHomeworkUITests;
			productName = UnitTestHomeworkUITests;
			productReference = 03E0FA1B2AC34D6D003CEAF8 /* UnitTestHomeworkUITests.xctest */;
			productType = "com.apple.product-type.bundle.ui-testing";
		};
/* End PBXNativeTarget section */

/* Begin PBXProject section */
		03E0F9F32AC34D66003CEAF8 /* Project object */ = {
			isa = PBXProject;
			attributes = {
				BuildIndependentTargetsInParallel = 1;
				LastSwiftUpdateCheck = 1430;
				LastUpgradeCheck = 1430;
				TargetAttributes = {
					03E0F9FA2AC34D66003CEAF8 = {
						CreatedOnToolsVersion = 14.3.1;
					};
					03E0FA102AC34D6D003CEAF8 = {
						CreatedOnToolsVersion = 14.3.1;
						TestTargetID = 03E0F9FA2AC34D66003CEAF8;
					};
					03E0FA1A2AC34D6D003CEAF8 = {
						CreatedOnToolsVersion = 14.3.1;
						TestTargetID = 03E0F9FA2AC34D66003CEAF8;
					};
				};
			};
			buildConfigurationList = 03E0F9F62AC34D66003CEAF8 /* Build configuration list for PBXProject "UnitTestHomework" */;
			compatibilityVersion = "Xcode 14.0";
			developmentRegion = en;
			hasScannedForEncodings = 0;
			knownRegions = (
				en,
				Base,
			);
			mainGroup = 03E0F9F22AC34D66003CEAF8;
			productRefGroup = 03E0F9FC2AC34D66003CEAF8 /* Products */;
			projectDirPath = "";
			projectRoot = "";
			targets = (
				03E0F9FA2AC34D66003CEAF8 /* UnitTestHomework */,
				03E0FA102AC34D6D003CEAF8 /* UnitTestHomeworkTests */,
				03E0FA1A2AC34D6D003CEAF8 /* UnitTestHomeworkUITests */,
			);
		};
/* End PBXProject section */

/* Begin PBXResourcesBuildPhase section */
		03E0F9F92AC34D66003CEAF8 /* Resources */ = {
			isa = PBXResourcesBuildPhase;
			buildActionMask = 2147483647;
			files = (
				03E0FA0B2AC34D6C003CEAF8 /* LaunchScreen.storyboard in Resources */,
				03E0FA082AC34D6C003CEAF8 /* Assets.xcassets in Resources */,
				03E0FA062AC34D66003CEAF8 /* Main.storyboard in Resources */,
			);
			runOnlyForDeploymentPostprocessing = 0;
		};
		03E0FA0F2AC34D6D003CEAF8 /* Resources */ = {
			isa = PBXResourcesBuildPhase;
			buildActionMask = 2147483647;
			files = (
			);
			runOnlyForDeploymentPostprocessing = 0;
		};
		03E0FA192AC34D6D003CEAF8 /* Resources */ = {
			isa = PBXResourcesBuildPhase;
			buildActionMask = 2147483647;
			files = (
			);
			runOnlyForDeploymentPostprocessing = 0;
		};
/* End PBXResourcesBuildPhase section */

/* Begin PBXSourcesBuildPhase section */
		03E0F9F72AC34D66003CEAF8 /* Sources */ = {
			isa = PBXSourcesBuildPhase;
			buildActionMask = 2147483647;
			files = (
				03E0FA302AC34E48003CEAF8 /* MyTestClass.swift in Sources */,
				03CD58462ACD5B4F00C7998E /* Homework_3.swift in Sources */,
				03E0FA032AC34D66003CEAF8 /* ViewController.swift in Sources */,
				0373DA812AC9B01200B293B7 /* Car.swift in Sources */,
				03E0F9FF2AC34D66003CEAF8 /* AppDelegate.swift in Sources */,
				0373DA7F2AC9AF1400B293B7 /* Vehicle.swift in Sources */,
				03E0FA012AC34D66003CEAF8 /* SceneDelegate.swift in Sources */,
				0373DA832AC9B2AA00B293B7 /* Motorcycle.swift in Sources */,
			);
			runOnlyForDeploymentPostprocessing = 0;
		};
		03E0FA0D2AC34D6D003CEAF8 /* Sources */ = {
			isa = PBXSourcesBuildPhase;
			buildActionMask = 2147483647;
			files = (
				03E0FA162AC34D6D003CEAF8 /* UnitTestHomeworkTests.swift in Sources */,
			);
			runOnlyForDeploymentPostprocessing = 0;
		};
		03E0FA172AC34D6D003CEAF8 /* Sources */ = {
			isa = PBXSourcesBuildPhase;
			buildActionMask = 2147483647;
			files = (
				03E0FA222AC34D6D003CEAF8 /* UnitTestHomeworkUITestsLaunchTests.swift in Sources */,
				03E0FA202AC34D6D003CEAF8 /* UnitTestHomeworkUITests.swift in Sources */,
			);
			runOnlyForDeploymentPostprocessing = 0;
		};
/* End PBXSourcesBuildPhase section */

/* Begin PBXTargetDependency section */
		03E0FA132AC34D6D003CEAF8 /* PBXTargetDependency */ = {
			isa = PBXTargetDependency;
			target = 03E0F9FA2AC34D66003CEAF8 /* UnitTestHomework */;
			targetProxy = 03E0FA122AC34D6D003CEAF8 /* PBXContainerItemProxy */;
		};
		03E0FA1D2AC34D6D003CEAF8 /* PBXTargetDependency */ = {
			isa = PBXTargetDependency;
			target = 03E0F9FA2AC34D66003CEAF8 /* UnitTestHomework */;
			targetProxy = 03E0FA1C2AC34D6D003CEAF8 /* PBXContainerItemProxy */;
		};
/* End PBXTargetDependency section */

/* Begin PBXVariantGroup section */
		03E0FA042AC34D66003CEAF8 /* Main.storyboard */ = {
			isa = PBXVariantGroup;
			children = (
				03E0FA052AC34D66003CEAF8 /* Base */,
			);
			name = Main.storyboard;
			sourceTree = "<group>";
		};
		03E0FA092AC34D6C003CEAF8 /* LaunchScreen.storyboard */ = {
			isa = PBXVariantGroup;
			children = (
				03E0FA0A2AC34D6C003CEAF8 /* Base */,
			);
			name = LaunchScreen.storyboard;
			sourceTree = "<group>";
		};
/* End PBXVariantGroup section */

/* Begin XCBuildConfiguration section */
		03E0FA232AC34D6D003CEAF8 /* Debug */ = {
			isa = XCBuildConfiguration;
			buildSettings = {
				ALWAYS_SEARCH_USER_PATHS = NO;
				CLANG_ANALYZER_NONNULL = YES;
				CLANG_ANALYZER_NUMBER_OBJECT_CONVERSION = YES_AGGRESSIVE;
				CLANG_CXX_LANGUAGE_STANDARD = "gnu++20";
				CLANG_ENABLE_MODULES = YES;
				CLANG_ENABLE_OBJC_ARC = YES;
				CLANG_ENABLE_OBJC_WEAK = YES;
				CLANG_WARN_BLOCK_CAPTURE_AUTORELEASING = YES;
				CLANG_WARN_BOOL_CONVERSION = YES;
				CLANG_WARN_COMMA = YES;
				CLANG_WARN_CONSTANT_CONVERSION = YES;
				CLANG_WARN_DEPRECATED_OBJC_IMPLEMENTATIONS = YES;
				CLANG_WARN_DIRECT_OBJC_ISA_USAGE = YES_ERROR;
				CLANG_WARN_DOCUMENTATION_COMMENTS = YES;
				CLANG_WARN_EMPTY_BODY = YES;
				CLANG_WARN_ENUM_CONVERSION = YES;
				CLANG_WARN_INFINITE_RECURSION = YES;
				CLANG_WARN_INT_CONVERSION = YES;
				CLANG_WARN_NON_LITERAL_NULL_CONVERSION = YES;
				CLANG_WARN_OBJC_IMPLICIT_RETAIN_SELF = YES;
				CLANG_WARN_OBJC_LITERAL_CONVERSION = YES;
				CLANG_WARN_OBJC_ROOT_CLASS = YES_ERROR;
				CLANG_WARN_QUOTED_INCLUDE_IN_FRAMEWORK_HEADER = YES;
				CLANG_WARN_RANGE_LOOP_ANALYSIS = YES;
				CLANG_WARN_STRICT_PROTOTYPES = YES;
				CLANG_WARN_SUSPICIOUS_MOVE = YES;
				CLANG_WARN_UNGUARDED_AVAILABILITY = YES_AGGRESSIVE;
				CLANG_WARN_UNREACHABLE_CODE = YES;
				CLANG_WARN__DUPLICATE_METHOD_MATCH = YES;
				COPY_PHASE_STRIP = NO;
				DEBUG_INFORMATION_FORMAT = dwarf;
				ENABLE_STRICT_OBJC_MSGSEND = YES;
				ENABLE_TESTABILITY = YES;
				GCC_C_LANGUAGE_STANDARD = gnu11;
				GCC_DYNAMIC_NO_PIC = NO;
				GCC_NO_COMMON_BLOCKS = YES;
				GCC_OPTIMIZATION_LEVEL = 0;
				GCC_PREPROCESSOR_DEFINITIONS = (
					"DEBUG=1",
					"$(inherited)",
				);
				GCC_WARN_64_TO_32_BIT_CONVERSION = YES;
				GCC_WARN_ABOUT_RETURN_TYPE = YES_ERROR;
				GCC_WARN_UNDECLARED_SELECTOR = YES;
				GCC_WARN_UNINITIALIZED_AUTOS = YES_AGGRESSIVE;
				GCC_WARN_UNUSED_FUNCTION = YES;
				GCC_WARN_UNUSED_VARIABLE = YES;
				IPHONEOS_DEPLOYMENT_TARGET = 16.4;
				MTL_ENABLE_DEBUG_INFO = INCLUDE_SOURCE;
				MTL_FAST_MATH = YES;
				ONLY_ACTIVE_ARCH = YES;
				SDKROOT = iphoneos;
				SWIFT_ACTIVE_COMPILATION_CONDITIONS = DEBUG;
				SWIFT_OPTIMIZATION_LEVEL = "-Onone";
			};
			name = Debug;
		};
		03E0FA242AC34D6D003CEAF8 /* Release */ = {
			isa = XCBuildConfiguration;
			buildSettings = {
				ALWAYS_SEARCH_USER_PATHS = NO;
				CLANG_ANALYZER_NONNULL = YES;
				CLANG_ANALYZER_NUMBER_OBJECT_CONVERSION = YES_AGGRESSIVE;
				CLANG_CXX_LANGUAGE_STANDARD = "gnu++20";
				CLANG_ENABLE_MODULES = YES;
				CLANG_ENABLE_OBJC_ARC = YES;
				CLANG_ENABLE_OBJC_WEAK = YES;
				CLANG_WARN_BLOCK_CAPTURE_AUTORELEASING = YES;
				CLANG_WARN_BOOL_CONVERSION = YES;
				CLANG_WARN_COMMA = YES;
				CLANG_WARN_CONSTANT_CONVERSION = YES;
				CLANG_WARN_DEPRECATED_OBJC_IMPLEMENTATIONS = YES;
				CLANG_WARN_DIRECT_OBJC_ISA_USAGE = YES_ERROR;
				CLANG_WARN_DOCUMENTATION_COMMENTS = YES;
				CLANG_WARN_EMPTY_BODY = YES;
				CLANG_WARN_ENUM_CONVERSION = YES;
				CLANG_WARN_INFINITE_RECURSION = YES;
				CLANG_WARN_INT_CONVERSION = YES;
				CLANG_WARN_NON_LITERAL_NULL_CONVERSION = YES;
				CLANG_WARN_OBJC_IMPLICIT_RETAIN_SELF = YES;
				CLANG_WARN_OBJC_LITERAL_CONVERSION = YES;
				CLANG_WARN_OBJC_ROOT_CLASS = YES_ERROR;
				CLANG_WARN_QUOTED_INCLUDE_IN_FRAMEWORK_HEADER = YES;
				CLANG_WARN_RANGE_LOOP_ANALYSIS = YES;
				CLANG_WARN_STRICT_PROTOTYPES = YES;
				CLANG_WARN_SUSPICIOUS_MOVE = YES;
				CLANG_WARN_UNGUARDED_AVAILABILITY = YES_AGGRESSIVE;
				CLANG_WARN_UNREACHABLE_CODE = YES;
				CLANG_WARN__DUPLICATE_METHOD_MATCH = YES;
				COPY_PHASE_STRIP = NO;
				DEBUG_INFORMATION_FORMAT = "dwarf-with-dsym";
				ENABLE_NS_ASSERTIONS = NO;
				ENABLE_STRICT_OBJC_MSGSEND = YES;
				GCC_C_LANGUAGE_STANDARD = gnu11;
				GCC_NO_COMMON_BLOCKS = YES;
				GCC_WARN_64_TO_32_BIT_CONVERSION = YES;
				GCC_WARN_ABOUT_RETURN_TYPE = YES_ERROR;
				GCC_WARN_UNDECLARED_SELECTOR = YES;
				GCC_WARN_UNINITIALIZED_AUTOS = YES_AGGRESSIVE;
				GCC_WARN_UNUSED_FUNCTION = YES;
				GCC_WARN_UNUSED_VARIABLE = YES;
				IPHONEOS_DEPLOYMENT_TARGET = 16.4;
				MTL_ENABLE_DEBUG_INFO = NO;
				MTL_FAST_MATH = YES;
				SDKROOT = iphoneos;
				SWIFT_COMPILATION_MODE = wholemodule;
				SWIFT_OPTIMIZATION_LEVEL = "-O";
				VALIDATE_PRODUCT = YES;
			};
			name = Release;
		};
		03E0FA262AC34D6D003CEAF8 /* Debug */ = {
			isa = XCBuildConfiguration;
			buildSettings = {
				ASSETCATALOG_COMPILER_APPICON_NAME = AppIcon;
				ASSETCATALOG_COMPILER_GLOBAL_ACCENT_COLOR_NAME = AccentColor;
				CODE_SIGN_STYLE = Automatic;
				CURRENT_PROJECT_VERSION = 1;
				DEVELOPMENT_TEAM = 27HNUHGL83;
				GENERATE_INFOPLIST_FILE = YES;
				INFOPLIST_FILE = UnitTestHomework/Info.plist;
				INFOPLIST_KEY_UIApplicationSupportsIndirectInputEvents = YES;
				INFOPLIST_KEY_UILaunchStoryboardName = LaunchScreen;
				INFOPLIST_KEY_UIMainStoryboardFile = Main;
				INFOPLIST_KEY_UISupportedInterfaceOrientations_iPad = "UIInterfaceOrientationPortrait UIInterfaceOrientationPortraitUpsideDown UIInterfaceOrientationLandscapeLeft UIInterfaceOrientationLandscapeRight";
				INFOPLIST_KEY_UISupportedInterfaceOrientations_iPhone = "UIInterfaceOrientationPortrait UIInterfaceOrientationLandscapeLeft UIInterfaceOrientationLandscapeRight";
				LD_RUNPATH_SEARCH_PATHS = (
					"$(inherited)",
					"@executable_path/Frameworks",
				);
				MARKETING_VERSION = 1.0;
				PRODUCT_BUNDLE_IDENTIFIER = "com.mihail.chertov-gmail.com.UnitTestHomework";
				PRODUCT_NAME = "$(TARGET_NAME)";
				SWIFT_EMIT_LOC_STRINGS = YES;
				SWIFT_VERSION = 5.0;
				TARGETED_DEVICE_FAMILY = "1,2";
			};
			name = Debug;
		};
		03E0FA272AC34D6D003CEAF8 /* Release */ = {
			isa = XCBuildConfiguration;
			buildSettings = {
				ASSETCATALOG_COMPILER_APPICON_NAME = AppIcon;
				ASSETCATALOG_COMPILER_GLOBAL_ACCENT_COLOR_NAME = AccentColor;
				CODE_SIGN_STYLE = Automatic;
				CURRENT_PROJECT_VERSION = 1;
				DEVELOPMENT_TEAM = 27HNUHGL83;
				GENERATE_INFOPLIST_FILE = YES;
				INFOPLIST_FILE = UnitTestHomework/Info.plist;
				INFOPLIST_KEY_UIApplicationSupportsIndirectInputEvents = YES;
				INFOPLIST_KEY_UILaunchStoryboardName = LaunchScreen;
				INFOPLIST_KEY_UIMainStoryboardFile = Main;
				INFOPLIST_KEY_UISupportedInterfaceOrientations_iPad = "UIInterfaceOrientationPortrait UIInterfaceOrientationPortraitUpsideDown UIInterfaceOrientationLandscapeLeft UIInterfaceOrientationLandscapeRight";
				INFOPLIST_KEY_UISupportedInterfaceOrientations_iPhone = "UIInterfaceOrientationPortrait UIInterfaceOrientationLandscapeLeft UIInterfaceOrientationLandscapeRight";
				LD_RUNPATH_SEARCH_PATHS = (
					"$(inherited)",
					"@executable_path/Frameworks",
				);
				MARKETING_VERSION = 1.0;
				PRODUCT_BUNDLE_IDENTIFIER = "com.mihail.chertov-gmail.com.UnitTestHomework";
				PRODUCT_NAME = "$(TARGET_NAME)";
				SWIFT_EMIT_LOC_STRINGS = YES;
				SWIFT_VERSION = 5.0;
				TARGETED_DEVICE_FAMILY = "1,2";
			};
			name = Release;
		};
		03E0FA292AC34D6D003CEAF8 /* Debug */ = {
			isa = XCBuildConfiguration;
			buildSettings = {
				ALWAYS_EMBED_SWIFT_STANDARD_LIBRARIES = YES;
				BUNDLE_LOADER = "$(TEST_HOST)";
				CODE_SIGN_STYLE = Automatic;
				CURRENT_PROJECT_VERSION = 1;
				DEVELOPMENT_TEAM = 27HNUHGL83;
				GENERATE_INFOPLIST_FILE = YES;
				IPHONEOS_DEPLOYMENT_TARGET = 16.4;
				MARKETING_VERSION = 1.0;
				PRODUCT_BUNDLE_IDENTIFIER = "com.mihail.chertov-gmail.com.UnitTestHomeworkTests";
				PRODUCT_NAME = "$(TARGET_NAME)";
				SWIFT_EMIT_LOC_STRINGS = NO;
				SWIFT_VERSION = 5.0;
				TARGETED_DEVICE_FAMILY = "1,2";
				TEST_HOST = "$(BUILT_PRODUCTS_DIR)/UnitTestHomework.app/$(BUNDLE_EXECUTABLE_FOLDER_PATH)/UnitTestHomework";
			};
			name = Debug;
		};
		03E0FA2A2AC34D6D003CEAF8 /* Release */ = {
			isa = XCBuildConfiguration;
			buildSettings = {
				ALWAYS_EMBED_SWIFT_STANDARD_LIBRARIES = YES;
				BUNDLE_LOADER = "$(TEST_HOST)";
				CODE_SIGN_STYLE = Automatic;
				CURRENT_PROJECT_VERSION = 1;
				DEVELOPMENT_TEAM = 27HNUHGL83;
				GENERATE_INFOPLIST_FILE = YES;
				IPHONEOS_DEPLOYMENT_TARGET = 16.4;
				MARKETING_VERSION = 1.0;
				PRODUCT_BUNDLE_IDENTIFIER = "com.mihail.chertov-gmail.com.UnitTestHomeworkTests";
				PRODUCT_NAME = "$(TARGET_NAME)";
				SWIFT_EMIT_LOC_STRINGS = NO;
				SWIFT_VERSION = 5.0;
				TARGETED_DEVICE_FAMILY = "1,2";
				TEST_HOST = "$(BUILT_PRODUCTS_DIR)/UnitTestHomework.app/$(BUNDLE_EXECUTABLE_FOLDER_PATH)/UnitTestHomework";
			};
			name = Release;
		};
		03E0FA2C2AC34D6D003CEAF8 /* Debug */ = {
			isa = XCBuildConfiguration;
			buildSettings = {
				ALWAYS_EMBED_SWIFT_STANDARD_LIBRARIES = YES;
				CODE_SIGN_STYLE = Automatic;
				CURRENT_PROJECT_VERSION = 1;
				DEVELOPMENT_TEAM = 27HNUHGL83;
				GENERATE_INFOPLIST_FILE = YES;
				MARKETING_VERSION = 1.0;
				PRODUCT_BUNDLE_IDENTIFIER = "com.mihail.chertov-gmail.com.UnitTestHomeworkUITests";
				PRODUCT_NAME = "$(TARGET_NAME)";
				SWIFT_EMIT_LOC_STRINGS = NO;
				SWIFT_VERSION = 5.0;
				TARGETED_DEVICE_FAMILY = "1,2";
				TEST_TARGET_NAME = UnitTestHomework;
			};
			name = Debug;
		};
		03E0FA2D2AC34D6D003CEAF8 /* Release */ = {
			isa = XCBuildConfiguration;
			buildSettings = {
				ALWAYS_EMBED_SWIFT_STANDARD_LIBRARIES = YES;
				CODE_SIGN_STYLE = Automatic;
				CURRENT_PROJECT_VERSION = 1;
				DEVELOPMENT_TEAM = 27HNUHGL83;
				GENERATE_INFOPLIST_FILE = YES;
				MARKETING_VERSION = 1.0;
				PRODUCT_BUNDLE_IDENTIFIER = "com.mihail.chertov-gmail.com.UnitTestHomeworkUITests";
				PRODUCT_NAME = "$(TARGET_NAME)";
				SWIFT_EMIT_LOC_STRINGS = NO;
				SWIFT_VERSION = 5.0;
				TARGETED_DEVICE_FAMILY = "1,2";
				TEST_TARGET_NAME = UnitTestHomework;
			};
			name = Release;
		};
/* End XCBuildConfiguration section */

/* Begin XCConfigurationList section */
		03E0F9F62AC34D66003CEAF8 /* Build configuration list for PBXProject "UnitTestHomework" */ = {
			isa = XCConfigurationList;
			buildConfigurations = (
				03E0FA232AC34D6D003CEAF8 /* Debug */,
				03E0FA242AC34D6D003CEAF8 /* Release */,
			);
			defaultConfigurationIsVisible = 0;
			defaultConfigurationName = Release;
		};
		03E0FA252AC34D6D003CEAF8 /* Build configuration list for PBXNativeTarget "UnitTestHomework" */ = {
			isa = XCConfigurationList;
			buildConfigurations = (
				03E0FA262AC34D6D003CEAF8 /* Debug */,
				03E0FA272AC34D6D003CEAF8 /* Release */,
			);
			defaultConfigurationIsVisible = 0;
			defaultConfigurationName = Release;
		};
		03E0FA282AC34D6D003CEAF8 /* Build configuration list for PBXNativeTarget "UnitTestHomeworkTests" */ = {
			isa = XCConfigurationList;
			buildConfigurations = (
				03E0FA292AC34D6D003CEAF8 /* Debug */,
				03E0FA2A2AC34D6D003CEAF8 /* Release */,
			);
			defaultConfigurationIsVisible = 0;
			defaultConfigurationName = Release;
		};
		03E0FA2B2AC34D6D003CEAF8 /* Build configuration list for PBXNativeTarget "UnitTestHomeworkUITests" */ = {
			isa = XCConfigurationList;
			buildConfigurations = (
				03E0FA2C2AC34D6D003CEAF8 /* Debug */,
				03E0FA2D2AC34D6D003CEAF8 /* Release */,
			);
			defaultConfigurationIsVisible = 0;
			defaultConfigurationName = Release;
		};
/* End XCConfigurationList section */
	};
	rootObject = 03E0F9F32AC34D66003CEAF8 /* Project object */;
}
